
Microsoft Visual Studio Solution File, Format Version 12.00
# Visual Studio Version 17
VisualStudioVersion = 17.9.34728.123
MinimumVisualStudioVersion = 10.0.40219.1
Project("{9A19103F-16F7-4668-BE54-9A1E7A4F7556}") = "CS10-DependencyInjection", "CS10-DependencyInjection\CS10-DependencyInjection.csproj", "{16B64F7F-B1A5-4116-B71C-9B5D216D5948}"
EndProject
Global
	GlobalSection(SolutionConfigurationPlatforms) = preSolution
		Debug|Any CPU = Debug|Any CPU
		Release|Any CPU = Release|Any CPU
	EndGlobalSection
	GlobalSection(ProjectConfigurationPlatforms) = postSolution
		{16B64F7F-B1A5-4116-B71C-9B5D216D5948}.Debug|Any CPU.ActiveCfg = Debug|Any CPU
		{16B64F7F-B1A5-4116-B71C-9B5D216D5948}.Debug|Any CPU.Build.0 = Debug|Any CPU
		{16B64F7F-B1A5-4116-B71C-9B5D216D5948}.Release|Any CPU.ActiveCfg = Release|Any CPU
		{16B64F7F-B1A5-4116-B71C-9B5D216D5948}.Release|Any CPU.Build.0 = Release|Any CPU
	EndGlobalSection
	GlobalSection(SolutionProperties) = preSolution
		HideSolutionNode = FALSE
	EndGlobalSection
	GlobalSection(ExtensibilityGlobals) = postSolution
		SolutionGuid = {6D48A160-3C52-45A0-96A3-2B513EC75AE6}
	EndGlobalSection
EndGlobal
