
Microsoft Visual Studio Solution File, Format Version 12.00
# Visual Studio Version 17
VisualStudioVersion = 17.9.34728.123
MinimumVisualStudioVersion = 10.0.40219.1
Project("{FAE04EC0-301F-11D3-BF4B-00C04F79EFBC}") = "Event", "Event\Event.csproj", "{57388683-D10D-4D1D-A8E4-F1C266BEAE29}"
EndProject
Global
	GlobalSection(SolutionConfigurationPlatforms) = preSolution
		Debug|Any CPU = Debug|Any CPU
		Release|Any CPU = Release|Any CPU
	EndGlobalSection
	GlobalSection(ProjectConfigurationPlatforms) = postSolution
		{57388683-D10D-4D1D-A8E4-F1C266BEAE29}.Debug|Any CPU.ActiveCfg = Debug|Any CPU
		{57388683-D10D-4D1D-A8E4-F1C266BEAE29}.Debug|Any CPU.Build.0 = Debug|Any CPU
		{57388683-D10D-4D1D-A8E4-F1C266BEAE29}.Release|Any CPU.ActiveCfg = Release|Any CPU
		{57388683-D10D-4D1D-A8E4-F1C266BEAE29}.Release|Any CPU.Build.0 = Release|Any CPU
	EndGlobalSection
	GlobalSection(SolutionProperties) = preSolution
		HideSolutionNode = FALSE
	EndGlobalSection
	GlobalSection(ExtensibilityGlobals) = postSolution
		SolutionGuid = {2AE5AC9B-E2D4-49CC-8EEA-7364D9042E67}
	EndGlobalSection
EndGlobal
