
Microsoft Visual Studio Solution File, Format Version 12.00
# Visual Studio Version 17
VisualStudioVersion = 17.9.34728.123
MinimumVisualStudioVersion = 10.0.40219.1
Project("{FAE04EC0-301F-11D3-BF4B-00C04F79EFBC}") = "Anonymous", "Anonymous\Anonymous.csproj", "{56D0B6D9-3B9D-4ECE-8873-47B51D13BD0E}"
EndProject
Global
	GlobalSection(SolutionConfigurationPlatforms) = preSolution
		Debug|Any CPU = Debug|Any CPU
		Release|Any CPU = Release|Any CPU
	EndGlobalSection
	GlobalSection(ProjectConfigurationPlatforms) = postSolution
		{56D0B6D9-3B9D-4ECE-8873-47B51D13BD0E}.Debug|Any CPU.ActiveCfg = Debug|Any CPU
		{56D0B6D9-3B9D-4ECE-8873-47B51D13BD0E}.Debug|Any CPU.Build.0 = Debug|Any CPU
		{56D0B6D9-3B9D-4ECE-8873-47B51D13BD0E}.Release|Any CPU.ActiveCfg = Release|Any CPU
		{56D0B6D9-3B9D-4ECE-8873-47B51D13BD0E}.Release|Any CPU.Build.0 = Release|Any CPU
	EndGlobalSection
	GlobalSection(SolutionProperties) = preSolution
		HideSolutionNode = FALSE
	EndGlobalSection
	GlobalSection(ExtensibilityGlobals) = postSolution
		SolutionGuid = {9F190784-D0E0-4FFC-A792-AA499C6476BE}
	EndGlobalSection
EndGlobal
